version = 1
revision = 3
requires-python = ">=3.14"

[[package]]
name = "blinkt"
version = "0.1.2"
source = { registry = "https://pypi.org/simple" }
dependencies = [
    { name = "rpi-gpio" },
]
sdist = { url = "https://files.pythonhosted.org/packages/c0/33/fb5a3bfc2e9d467a6f9892088f08c0b88b4bbb0237a696b1b25cacab54d5/blinkt-0.1.2.tar.gz", hash = "sha256:db8f54a22a7382476e4ac7531974fe01baee916b01f415bf3817c02820d59f3f", size = 5178, upload-time = "2018-05-23T11:06:00.7Z" }
wheels = [
    { url = "https://files.pythonhosted.org/packages/b9/24/b8244726dd74e6d140a162e2587e6df7d65cac18558f5df7cad9e9f9f1ff/blinkt-0.1.2-py3-none-any.whl", hash = "sha256:b090d1eccb5b8b5caaaeb25cfdb96f51cc12e98a8ab81c667c19b58b365f2818", size = 6577, upload-time = "2018-05-23T11:05:59.578Z" },
]

[[package]]
name = "datetime"
version = "6.0"
source = { registry = "https://pypi.org/simple" }
dependencies = [
    { name = "pytz" },
    { name = "zope-interface" },
]
sdist = { url = "https://files.pythonhosted.org/packages/77/32/decbfd165e9985ba9d8c2d34a39afe5aeba2fc3fe390eb6e9ef1aab98fa8/datetime-6.0.tar.gz", hash = "sha256:c1514936d2f901e10c8e08d83bf04e6c9dbd7ca4f244da94fec980980a3bc4d5", size = 64167, upload-time = "2025-11-25T08:00:34.586Z" }
wheels = [
    { url = "https://files.pythonhosted.org/packages/cf/7a/ea0f3e3ea74be36fc7cf54f966cde732a3de72697983cdb5646b0a4dacde/datetime-6.0-py3-none-any.whl", hash = "sha256:d19988f0657a4e72c9438344157254a8dcad6aea8cd5ae70a5d1b5a75e5dc930", size = 52637, upload-time = "2025-11-25T08:00:33.077Z" },
]

[[package]]
name = "nre-darwin-py"
version = "0.4.1"
source = { registry = "https://pypi.org/simple" }
dependencies = [
    { name = "suds-py3" },
    { name = "tabulate" },
]
sdist = { url = "https://files.pythonhosted.org/packages/da/c2/7ac767078072cb030d7f27f161aa2ba6a04cb58e63ca1584e99a8f39b069/nre_darwin_py-0.4.1.tar.gz", hash = "sha256:ab9b845ba4145ed69f3450a6a38866ad53b1018b9df9dcf793368a5de4d230f5", size = 13142, upload-time = "2025-01-04T20:34:56.02Z" }
wheels = [
    { url = "https://files.pythonhosted.org/packages/b3/e2/2299310aac6c75276a809c5115baab2758331e71e3ea7300519e15cc5a33/nre_darwin_py-0.4.1-py3-none-any.whl", hash = "sha256:b3ef9cd367c9a46add6cdc88e6544bbf31b3b32b9a653dd355742a2562ba53ba", size = 11326, upload-time = "2025-01-04T20:34:53.692Z" },
]

[[package]]
name = "pitrains"
version = "0.1.0"
source = { virtual = "." }
dependencies = [
    { name = "blinkt", marker = "sys_platform == 'linux'" },
    { name = "datetime" },
    { name = "nre-darwin-py" },
    { name = "rpi-gpio", marker = "sys_platform == 'linux'" },
]

[package.metadata]
requires-dist = [
    { name = "blinkt", marker = "sys_platform == 'linux'", specifier = ">=0.1.2" },
    { name = "datetime", specifier = ">=6.0" },
    { name = "nre-darwin-py", specifier = ">=0.4.1" },
    { name = "rpi-gpio", marker = "sys_platform == 'linux'", specifier = "==0.7.1" },
]

[[package]]
name = "pytz"
version = "2026.1.post1"
source = { registry = "https://pypi.org/simple" }
sdist = { url = "https://files.pythonhosted.org/packages/56/db/b8721d71d945e6a8ac63c0fc900b2067181dbb50805958d4d4661cf7d277/pytz-2026.1.post1.tar.gz", hash = "sha256:3378dde6a0c3d26719182142c56e60c7f9af7e968076f31aae569d72a0358ee1", size = 321088, upload-time = "2026-03-03T07:47:50.683Z" }
wheels = [
    { url = "https://files.pythonhosted.org/packages/10/99/781fe0c827be2742bcc775efefccb3b048a3a9c6ce9aec0cbf4a101677e5/pytz-2026.1.post1-py2.py3-none-any.whl", hash = "sha256:f2fd16142fda348286a75e1a524be810bb05d444e5a081f37f7affc635035f7a", size = 510489, upload-time = "2026-03-03T07:47:49.167Z" },
]

[[package]]
name = "rpi-gpio"
version = "0.7.1"
source = { registry = "https://pypi.org/simple" }
sdist = { url = "https://files.pythonhosted.org/packages/c4/0f/10b524a12b3445af1c607c27b2f5ed122ef55756e29942900e5c950735f2/RPi.GPIO-0.7.1.tar.gz", hash = "sha256:cd61c4b03c37b62bba4a5acfea9862749c33c618e0295e7e90aa4713fb373b70", size = 29090, upload-time = "2022-02-06T15:15:06.022Z" }

[[package]]
name = "suds-py3"
version = "1.4.5.0"
source = { registry = "https://pypi.org/simple" }
sdist = { url = "https://files.pythonhosted.org/packages/39/d1/da8977d242d2505c575eb2cc7e282209e4d12bd570c04e7942cd19f4facd/suds-py3-1.4.5.0.tar.gz", hash = "sha256:2b0d433e569c0190ff5e7ed2dfb3287b51bbfb3e51e82361c8bd652c78807167", size = 87187, upload-time = "2021-11-15T17:29:11.548Z" }
wheels = [
    { url = "https://files.pythonhosted.org/packages/8a/39/aa44074c42b3ee2d2ce36c2cd891787f9ae4158416600390dd09d09233da/suds_py3-1.4.5.0-py3-none-any.whl", hash = "sha256:0915a7f825c80fa2f0593e040e046bcbc156dd24ba988bb9da6c6604d70155b9", size = 298760, upload-time = "2021-11-15T17:29:09.503Z" },
]

[[package]]
name = "tabulate"
version = "0.10.0"
source = { registry = "https://pypi.org/simple" }
sdist = { url = "https://files.pythonhosted.org/packages/46/58/8c37dea7bbf769b20d58e7ace7e5edfe65b849442b00ffcdd56be88697c6/tabulate-0.10.0.tar.gz", hash = "sha256:e2cfde8f79420f6deeffdeda9aaec3b6bc5abce947655d17ac662b126e48a60d", size = 91754, upload-time = "2026-03-04T18:55:34.402Z" }
wheels = [
    { url = "https://files.pythonhosted.org/packages/99/55/db07de81b5c630da5cbf5c7df646580ca26dfaefa593667fc6f2fe016d2e/tabulate-0.10.0-py3-none-any.whl", hash = "sha256:f0b0622e567335c8fabaaa659f1b33bcb6ddfe2e496071b743aa113f8774f2d3", size = 39814, upload-time = "2026-03-04T18:55:31.284Z" },
]

[[package]]
name = "zope-interface"
version = "8.3"
source = { registry = "https://pypi.org/simple" }
sdist = { url = "https://files.pythonhosted.org/packages/c9/04/0b1d92e7d31507c5fbe203d9cc1ae80fb0645688c7af751ea0ec18c2223e/zope_interface-8.3.tar.gz", hash = "sha256:e1a9de7d0b5b5c249a73b91aebf4598ce05e334303af6aa94865893283e9ff10", size = 256822, upload-time = "2026-04-10T06:12:35.036Z" }
wheels = [
    { url = "https://files.pythonhosted.org/packages/8a/d9/95fe0d4d8da09042383c42f239e0106f1019ec86a27ed9f5000e754f6e7a/zope_interface-8.3-cp314-cp314-macosx_10_9_x86_64.whl", hash = "sha256:96f0001b49227d756770fc70ecde49f19332ae98ec98e1bbbf2fd7a87e9d4e45", size = 211979, upload-time = "2026-04-10T06:22:38.628Z" },
    { url = "https://files.pythonhosted.org/packages/f3/01/b6f694444ea1c911a4ea915f4ef066a95e9d1a58256a30c131ec88c3ae64/zope_interface-8.3-cp314-cp314-macosx_11_0_arm64.whl", hash = "sha256:3853bfb808084e1b4a3a769b00bd8b58a52b0c4a4fc5c23de26d283cd8beb627", size = 212038, upload-time = "2026-04-10T06:22:40.475Z" },
    { url = "https://files.pythonhosted.org/packages/f7/cf/237de1fba4f05686bc344eeb035236bd89890679c8211f129f05b5971ccf/zope_interface-8.3-cp314-cp314-manylinux1_i686.manylinux2014_i686.manylinux_2_17_i686.manylinux_2_5_i686.whl", hash = "sha256:33a13acba79ef693fb64ceb6193ece913d39586f184797f133c1bc549da86851", size = 266041, upload-time = "2026-04-10T06:22:42.093Z" },
    { url = "https://files.pythonhosted.org/packages/58/5f/df85b1ff5626d7f05231e69b7efd38bdc2c82ca363495e0bb112aaf655b3/zope_interface-8.3-cp314-cp314-manylinux1_x86_64.manylinux2014_x86_64.manylinux_2_17_x86_64.manylinux_2_5_x86_64.whl", hash = "sha256:e9f7e4b46741a11a9e1fab8b68710f08dec700e9f1b877cdca02480fbebe4846", size = 269094, upload-time = "2026-04-10T06:22:43.832Z" },
    { url = "https://files.pythonhosted.org/packages/5f/10/7ad1ff9c514fe38b176fc1271967c453074eb386a4515bd3b957c485f3a8/zope_interface-8.3-cp314-cp314-manylinux2014_aarch64.manylinux_2_17_aarch64.whl", hash = "sha256:8ce49d43366e12aeccd14fcaebb3ef110f50f5795e0d4a95383ea057365cedf2", size = 269413, upload-time = "2026-04-10T06:22:45.573Z" },
    { url = "https://files.pythonhosted.org/packages/38/42/3b0b5edee7801e0dd5c42c2c9bb4ec8bec430a6628462eb1315db76a7954/zope_interface-8.3-cp314-cp314-win_amd64.whl", hash = "sha256:301db4049c79a15a3b29d89795e150daf0e9ae701404b112ad6585ea863f6ef5", size = 215170, upload-time = "2026-04-10T06:22:47.115Z" },
]
